
Microsoft Visual Studio Solution File, Format Version 12.00
# Visual Studio 15
VisualStudioVersion = 15.0.26124.0
MinimumVisualStudioVersion = 15.0.26124.0
Project("{FAE04EC0-301F-11D3-BF4B-00C04F79EFBC}") = "AlgorithmsAndDataStructures", "AlgorithmsAndDataStructures\AlgorithmsAndDataStructures.csproj", "{8367162E-3C9F-40A9-9E5E-B0BC7D4A9A84}"
EndProject
Project("{FAE04EC0-301F-11D3-BF4B-00C04F79EFBC}") = "AlgorithmsAndDataStructures.Tests", "AlgorithmsAndDataStructures.Tests\AlgorithmsAndDataStructures.Tests.csproj", "{FFA89236-5C79-408A-B370-E233AE9AD479}"
EndProject
Global
	GlobalSection(SolutionConfigurationPlatforms) = preSolution
		Debug|Any CPU = Debug|Any CPU
		Debug|x64 = Debug|x64
		Debug|x86 = Debug|x86
		Release|Any CPU = Release|Any CPU
		Release|x64 = Release|x64
		Release|x86 = Release|x86
	EndGlobalSection
	GlobalSection(SolutionProperties) = preSolution
		HideSolutionNode = FALSE
	EndGlobalSection
	GlobalSection(ProjectConfigurationPlatforms) = postSolution
		{8367162E-3C9F-40A9-9E5E-B0BC7D4A9A84}.Debug|Any CPU.ActiveCfg = Debug|Any CPU
		{8367162E-3C9F-40A9-9E5E-B0BC7D4A9A84}.Debug|Any CPU.Build.0 = Debug|Any CPU
		{8367162E-3C9F-40A9-9E5E-B0BC7D4A9A84}.Debug|x64.ActiveCfg = Debug|Any CPU
		{8367162E-3C9F-40A9-9E5E-B0BC7D4A9A84}.Debug|x64.Build.0 = Debug|Any CPU
		{8367162E-3C9F-40A9-9E5E-B0BC7D4A9A84}.Debug|x86.ActiveCfg = Debug|Any CPU
		{8367162E-3C9F-40A9-9E5E-B0BC7D4A9A84}.Debug|x86.Build.0 = Debug|Any CPU
		{8367162E-3C9F-40A9-9E5E-B0BC7D4A9A84}.Release|Any CPU.ActiveCfg = Release|Any CPU
		{8367162E-3C9F-40A9-9E5E-B0BC7D4A9A84}.Release|Any CPU.Build.0 = Release|Any CPU
		{8367162E-3C9F-40A9-9E5E-B0BC7D4A9A84}.Release|x64.ActiveCfg = Release|Any CPU
		{8367162E-3C9F-40A9-9E5E-B0BC7D4A9A84}.Release|x64.Build.0 = Release|Any CPU
		{8367162E-3C9F-40A9-9E5E-B0BC7D4A9A84}.Release|x86.ActiveCfg = Release|Any CPU
		{8367162E-3C9F-40A9-9E5E-B0BC7D4A9A84}.Release|x86.Build.0 = Release|Any CPU
		{FFA89236-5C79-408A-B370-E233AE9AD479}.Debug|Any CPU.ActiveCfg = Debug|Any CPU
		{FFA89236-5C79-408A-B370-E233AE9AD479}.Debug|Any CPU.Build.0 = Debug|Any CPU
		{FFA89236-5C79-408A-B370-E233AE9AD479}.Debug|x64.ActiveCfg = Debug|Any CPU
		{FFA89236-5C79-408A-B370-E233AE9AD479}.Debug|x64.Build.0 = Debug|Any CPU
		{FFA89236-5C79-408A-B370-E233AE9AD479}.Debug|x86.ActiveCfg = Debug|Any CPU
		{FFA89236-5C79-408A-B370-E233AE9AD479}.Debug|x86.Build.0 = Debug|Any CPU
		{FFA89236-5C79-408A-B370-E233AE9AD479}.Release|Any CPU.ActiveCfg = Release|Any CPU
		{FFA89236-5C79-408A-B370-E233AE9AD479}.Release|Any CPU.Build.0 = Release|Any CPU
		{FFA89236-5C79-408A-B370-E233AE9AD479}.Release|x64.ActiveCfg = Release|Any CPU
		{FFA89236-5C79-408A-B370-E233AE9AD479}.Release|x64.Build.0 = Release|Any CPU
		{FFA89236-5C79-408A-B370-E233AE9AD479}.Release|x86.ActiveCfg = Release|Any CPU
		{FFA89236-5C79-408A-B370-E233AE9AD479}.Release|x86.Build.0 = Release|Any CPU
	EndGlobalSection
EndGlobal
